
Microsoft Visual Studio Solution File, Format Version 12.00
Project("{FAE04EC0-301F-11D3-BF4B-00C04F79EFBC}") = "FilterLists.Api", "FilterLists.Api\FilterLists.Api.csproj", "{08EF22B3-D224-4962-AB4F-2CCD602D2DD5}"
EndProject
Global
	GlobalSection(SolutionConfigurationPlatforms) = preSolution
		Debug|Any CPU = Debug|Any CPU
		Release|Any CPU = Release|Any CPU
	EndGlobalSection
	GlobalSection(ProjectConfigurationPlatforms) = postSolution
		{08EF22B3-D224-4962-AB4F-2CCD602D2DD5}.Debug|Any CPU.ActiveCfg = Debug|Any CPU
		{08EF22B3-D224-4962-AB4F-2CCD602D2DD5}.Debug|Any CPU.Build.0 = Debug|Any CPU
		{08EF22B3-D224-4962-AB4F-2CCD602D2DD5}.Release|Any CPU.ActiveCfg = Release|Any CPU
		{08EF22B3-D224-4962-AB4F-2CCD602D2DD5}.Release|Any CPU.Build.0 = Release|Any CPU
	EndGlobalSection
EndGlobal
