
Microsoft Visual Studio Solution File, Format Version 12.00
# Visual Studio Version 16
VisualStudioVersion = 16.0.28803.202
MinimumVisualStudioVersion = 10.0.40219.1
Project("{2150E333-8FDC-42A3-9474-1A3956D46DE8}") = "src", "src", "{6F70E166-BB98-41BE-A137-CB8C7E559174}"
EndProject
Project("{9A19103F-16F7-4668-BE54-9A1E7A4F7556}") = "FilterLists.Web", "src\FilterLists.Web\FilterLists.Web.csproj", "{FD17DF1D-4D60-454F-8FC7-73DF1B51E9B3}"
EndProject
Global
	GlobalSection(SolutionConfigurationPlatforms) = preSolution
		Debug|Any CPU = Debug|Any CPU
		Release|Any CPU = Release|Any CPU
	EndGlobalSection
	GlobalSection(ProjectConfigurationPlatforms) = postSolution
		{FD17DF1D-4D60-454F-8FC7-73DF1B51E9B3}.Debug|Any CPU.ActiveCfg = Debug|Any CPU
		{FD17DF1D-4D60-454F-8FC7-73DF1B51E9B3}.Debug|Any CPU.Build.0 = Debug|Any CPU
		{FD17DF1D-4D60-454F-8FC7-73DF1B51E9B3}.Release|Any CPU.ActiveCfg = Release|Any CPU
		{FD17DF1D-4D60-454F-8FC7-73DF1B51E9B3}.Release|Any CPU.Build.0 = Release|Any CPU
	EndGlobalSection
	GlobalSection(SolutionProperties) = preSolution
		HideSolutionNode = FALSE
	EndGlobalSection
	GlobalSection(NestedProjects) = preSolution
		{FD17DF1D-4D60-454F-8FC7-73DF1B51E9B3} = {6F70E166-BB98-41BE-A137-CB8C7E559174}
	EndGlobalSection
	GlobalSection(ExtensibilityGlobals) = postSolution
		SolutionGuid = {925C18D5-4B82-4EA2-B45F-FD7D8F01A80F}
	EndGlobalSection
EndGlobal
