
Microsoft Visual Studio Solution File, Format Version 12.00
# Visual Studio Version 16
VisualStudioVersion = 16.0.29609.76
MinimumVisualStudioVersion = 10.0.40219.1
Project("{9A19103F-16F7-4668-BE54-9A1E7A4F7556}") = "FilterLists.Agent", "agent\FilterLists.Agent\FilterLists.Agent.csproj", "{032BAFC2-00F8-4DEA-A93B-BB4721BF3131}"
EndProject
Project("{9A19103F-16F7-4668-BE54-9A1E7A4F7556}") = "FilterLists.Agent.Tests", "agent\FilterLists.Agent.Tests\FilterLists.Agent.Tests.csproj", "{0DFCE154-5295-412D-99E3-F2DB43488E84}"
EndProject
Global
	GlobalSection(SolutionConfigurationPlatforms) = preSolution
		Debug|Any CPU = Debug|Any CPU
		Release|Any CPU = Release|Any CPU
	EndGlobalSection
	GlobalSection(ProjectConfigurationPlatforms) = postSolution
		{032BAFC2-00F8-4DEA-A93B-BB4721BF3131}.Debug|Any CPU.ActiveCfg = Debug|Any CPU
		{032BAFC2-00F8-4DEA-A93B-BB4721BF3131}.Debug|Any CPU.Build.0 = Debug|Any CPU
		{032BAFC2-00F8-4DEA-A93B-BB4721BF3131}.Release|Any CPU.ActiveCfg = Release|Any CPU
		{032BAFC2-00F8-4DEA-A93B-BB4721BF3131}.Release|Any CPU.Build.0 = Release|Any CPU
		{0DFCE154-5295-412D-99E3-F2DB43488E84}.Debug|Any CPU.ActiveCfg = Debug|Any CPU
		{0DFCE154-5295-412D-99E3-F2DB43488E84}.Debug|Any CPU.Build.0 = Debug|Any CPU
		{0DFCE154-5295-412D-99E3-F2DB43488E84}.Release|Any CPU.ActiveCfg = Release|Any CPU
		{0DFCE154-5295-412D-99E3-F2DB43488E84}.Release|Any CPU.Build.0 = Release|Any CPU
	EndGlobalSection
	GlobalSection(SolutionProperties) = preSolution
		HideSolutionNode = FALSE
	EndGlobalSection
	GlobalSection(ExtensibilityGlobals) = postSolution
		SolutionGuid = {4144511E-3A9C-454D-A975-55322F8EC36F}
	EndGlobalSection
EndGlobal
