{
  "name": "FilterLists.Web",
  "version": "0.0.0",
  "lockfileVersion": 1,
  "requires": true,
  "dependencies": {
    "@types/history": {
      "version": "4.6.1",
      "resolved": "https://registry.npmjs.org/@types/history/-/history-4.6.1.tgz",
      "integrity": "sha512-Z8DQIdWtl0ff+tXDKeG3P0IOXd0kCI5wCXqZZjymjwcwe/o46BlEXeDrN09L9qnhzHmo9ObpkrlMCHPfbVvewA==",
      "dev": true
    },
    "@types/material-ui": {
      "version": "0.18.3",
      "resolved": "https://registry.npmjs.org/@types/material-ui/-/material-ui-0.18.3.tgz",
      "integrity": "sha512-Tp7aBtXAvkhv774CmuLl9rK3pogMusir13ZKpC8jF1JEiX+rajpmJzvvCn7ioTR52B/Fs92DCZbPkGb1bvLB4w==",
      "dev": true,
      "requires": {
        "@types/react": "16.0.19",
        "@types/react-addons-linked-state-mixin": "0.14.18"
      }
    },
    "@types/react": {
      "version": "16.0.19",
      "resolved": "https://registry.npmjs.org/@types/react/-/react-16.0.19.tgz",
      "integrity": "sha512-0M27ZfEYJhQYJ+uYouV7Bd70eNOCp8OxWUSc+etg33lb8Jq7rTmvBKIWUQwx+HquSsNqlk+5PAcmNTTxJKYUsg==",
      "dev": true
    },
    "@types/react-addons-linked-state-mixin": {
      "version": "0.14.18",
      "resolved": "https://registry.npmjs.org/@types/react-addons-linked-state-mixin/-/react-addons-linked-state-mixin-0.14.18.tgz",
      "integrity": "sha512-FbfxxQo1d6OhjKGlvvch/RP7Aj9IUPOptCBOPc5yfkufdVjr6bdAF4eO+KZieZ/vihZDOnXKoSmwHy8u2ZDQ6A==",
      "dev": true,
      "requires": {
        "@types/react": "16.0.19"
      }
    },
    "@types/react-hot-loader": {
      "version": "3.0.5",
      "resolved": "https://registry.npmjs.org/@types/react-hot-loader/-/react-hot-loader-3.0.5.tgz",
      "integrity": "sha512-KL0OLo1158WBWv+QoP9Z9f+MupiM9DpwJST52D0AyxUpXFmyzV1VskwRp+RZsnZemMcAPoyBy8od44HuJtuVwQ==",
      "dev": true,
      "requires": {
        "@types/react": "16.0.19"
      }
    },
    "@types/react-router": {
      "version": "4.0.16",
      "resolved": "https://registry.npmjs.org/@types/react-router/-/react-router-4.0.16.tgz",
      "integrity": "sha512-SPs2qmry3gnPXxRrnWFuipv5qxcISz0Msk/2qWemvDW0DSukElvCdeMc6I3AuTkeZoLxlgNm2yKRJoJEE3PxtQ==",
      "dev": true,
      "requires": {
        "@types/history": "4.6.1",
        "@types/react": "16.0.19"
      }
    },
    "@types/webpack-env": {
      "version": "1.13.2",
      "resolved": "https://registry.npmjs.org/@types/webpack-env/-/webpack-env-1.13.2.tgz",
      "integrity": "sha512-pjbzi3A1Y4iLpNdNZNG4loIZKtYOnpCQY82bnsHi9lQXl4f3ul0TDsd1fUd10jbgCXR5bwaP4Ffy1BDLuEZpaQ==",
      "dev": true
    },
    "asap": {
      "version": "https://registry.npmjs.org/asap/-/asap-2.0.5.tgz",
      "integrity": "sha1-UidltQw1EEkOUtfc/ghe+bqWlY8="
    },
    "aspnet-webpack": {
      "version": "2.0.1",
      "resolved": "https://registry.npmjs.org/aspnet-webpack/-/aspnet-webpack-2.0.1.tgz",
      "integrity": "sha512-hhwTmanNNk0OQ7u5Jr/wpKQeqisg4aLMmAJFlsj0B+AkaUtIu8FFOgzB63VnVirDZ14isSGjJHNn/WEhx19hKA==",
      "dev": true,
      "requires": {
        "connect": "3.6.5",
        "es6-promise": "3.3.1",
        "memory-fs": "0.3.0",
        "require-from-string": "1.2.1",
        "webpack-dev-middleware": "1.12.0",
        "webpack-node-externals": "1.6.0"
      }
    },
    "aspnet-webpack-react": {
      "version": "3.0.0",
      "resolved": "https://registry.npmjs.org/aspnet-webpack-react/-/aspnet-webpack-react-3.0.0.tgz",
      "integrity": "sha1-5dwTG3OreVFTLJewD4po4jcyMQU=",
      "dev": true
    },
    "bootstrap": {
      "version": "3.3.7",
      "resolved": "https://registry.npmjs.org/bootstrap/-/bootstrap-3.3.7.tgz",
      "integrity": "sha1-WjiTlFSfIzMIdaOxUGVldPip63E=",
      "dev": true
    },
    "bowser": {
      "version": "1.8.1",
      "resolved": "https://registry.npmjs.org/bowser/-/bowser-1.8.1.tgz",
      "integrity": "sha1-SXhXd+cwL+utsaW3HZpkZSDtMQ0="
    },
    "chain-function": {
      "version": "1.0.0",
      "resolved": "https://registry.npmjs.org/chain-function/-/chain-function-1.0.0.tgz",
      "integrity": "sha1-DUqzfn4Y6tC9xHuSB2QRjOWHM9w="
    },
    "change-emitter": {
      "version": "0.1.6",
      "resolved": "https://registry.npmjs.org/change-emitter/-/change-emitter-0.1.6.tgz",
      "integrity": "sha1-6LL+PX8at9aaMhma/5HqaTFAlRU="
    },
    "connect": {
      "version": "3.6.5",
      "resolved": "https://registry.npmjs.org/connect/-/connect-3.6.5.tgz",
      "integrity": "sha1-+43ee6B2OHfQ7J352sC0tA5yx9o=",
      "dev": true,
      "requires": {
        "debug": "2.6.9",
        "finalhandler": "1.0.6",
        "parseurl": "1.3.2",
        "utils-merge": "1.0.1"
      }
    },
    "core-js": {
      "version": "https://registry.npmjs.org/core-js/-/core-js-1.2.7.tgz",
      "integrity": "sha1-ZSKUwUZR2yj6k70tX/KYOk8IxjY="
    },
    "core-util-is": {
      "version": "1.0.2",
      "resolved": "https://registry.npmjs.org/core-util-is/-/core-util-is-1.0.2.tgz",
      "integrity": "sha1-tf1UIgqivFq1eqtxQMlAdUUDwac=",
      "dev": true
    },
    "css-in-js-utils": {
      "version": "2.0.0",
      "resolved": "https://registry.npmjs.org/css-in-js-utils/-/css-in-js-utils-2.0.0.tgz",
      "integrity": "sha1-WvHdcPSwazMfSNIqPYbgeGwLlDU=",
      "requires": {
        "hyphenate-style-name": "1.0.2"
      }
    },
    "debug": {
      "version": "2.6.9",
      "resolved": "https://registry.npmjs.org/debug/-/debug-2.6.9.tgz",
      "integrity": "sha512-bC7ElrdJaJnPbAP+1EotYvqZsb3ecl5wi6Bfi6BJTUcNowp6cvspg0jXznRTKDjm/E7AdgFBVeAPVMNcKGsHMA==",
      "dev": true,
      "requires": {
        "ms": "2.0.0"
      }
    },
    "dom-helpers": {
      "version": "3.2.1",
      "resolved": "https://registry.npmjs.org/dom-helpers/-/dom-helpers-3.2.1.tgz",
      "integrity": "sha1-MgPgf+0he9H0JLAZc1WC/Deyglo="
    },
    "ee-first": {
      "version": "1.1.1",
      "resolved": "https://registry.npmjs.org/ee-first/-/ee-first-1.1.1.tgz",
      "integrity": "sha1-WQxhFWsK4vTwJVcyoViyZrxWsh0=",
      "dev": true
    },
    "encodeurl": {
      "version": "1.0.1",
      "resolved": "https://registry.npmjs.org/encodeurl/-/encodeurl-1.0.1.tgz",
      "integrity": "sha1-eePVhlU0aQn+bw9Fpd5oEDspTSA=",
      "dev": true
    },
    "errno": {
      "version": "0.1.4",
      "resolved": "https://registry.npmjs.org/errno/-/errno-0.1.4.tgz",
      "integrity": "sha1-uJbiOp5ei6M4cfyZar02NfyaHH0=",
      "dev": true,
      "requires": {
        "prr": "0.0.0"
      }
    },
    "es6-promise": {
      "version": "3.3.1",
      "resolved": "https://registry.npmjs.org/es6-promise/-/es6-promise-3.3.1.tgz",
      "integrity": "sha1-oIzd6EzNvzTQJ6FFG8kdS80ophM=",
      "dev": true
    },
    "escape-html": {
      "version": "1.0.3",
      "resolved": "https://registry.npmjs.org/escape-html/-/escape-html-1.0.3.tgz",
      "integrity": "sha1-Aljq5NPQwJdN4cFpGI7wBR0dGYg=",
      "dev": true
    },
    "fbjs": {
      "version": "https://registry.npmjs.org/fbjs/-/fbjs-0.8.12.tgz",
      "integrity": "sha1-ELXZL3bUVXX9Y6IX1OoCvqL47QQ=",
      "requires": {
        "core-js": "https://registry.npmjs.org/core-js/-/core-js-1.2.7.tgz",
        "isomorphic-fetch": "2.2.1",
        "loose-envify": "https://registry.npmjs.org/loose-envify/-/loose-envify-1.3.1.tgz",
        "object-assign": "https://registry.npmjs.org/object-assign/-/object-assign-4.1.1.tgz",
        "promise": "https://registry.npmjs.org/promise/-/promise-7.3.1.tgz",
        "setimmediate": "https://registry.npmjs.org/setimmediate/-/setimmediate-1.0.5.tgz",
        "ua-parser-js": "https://registry.npmjs.org/ua-parser-js/-/ua-parser-js-0.7.13.tgz"
      }
    },
    "finalhandler": {
      "version": "1.0.6",
      "resolved": "https://registry.npmjs.org/finalhandler/-/finalhandler-1.0.6.tgz",
      "integrity": "sha1-AHrqM9Gk0+QgF/YkhIrVjSEvgU8=",
      "dev": true,
      "requires": {
        "debug": "2.6.9",
        "encodeurl": "1.0.1",
        "escape-html": "1.0.3",
        "on-finished": "2.3.0",
        "parseurl": "1.3.2",
        "statuses": "1.3.1",
        "unpipe": "1.0.0"
      }
    },
    "hyphenate-style-name": {
      "version": "1.0.2",
      "resolved": "https://registry.npmjs.org/hyphenate-style-name/-/hyphenate-style-name-1.0.2.tgz",
      "integrity": "sha1-MRYKNpMK2vH8BMYHT360FGXU7Es="
    },
    "inherits": {
      "version": "2.0.3",
      "resolved": "https://registry.npmjs.org/inherits/-/inherits-2.0.3.tgz",
      "integrity": "sha1-Yzwsg+PaQqUC9SRmAiSA9CCCYd4=",
      "dev": true
    },
    "inline-style-prefixer": {
      "version": "3.0.8",
      "resolved": "https://registry.npmjs.org/inline-style-prefixer/-/inline-style-prefixer-3.0.8.tgz",
      "integrity": "sha1-hVG45bTVcyROZqNLBPfTIHaitTQ=",
      "requires": {
        "bowser": "1.8.1",
        "css-in-js-utils": "2.0.0"
      }
    },
    "isarray": {
      "version": "1.0.0",
      "resolved": "https://registry.npmjs.org/isarray/-/isarray-1.0.0.tgz",
      "integrity": "sha1-u5NdSFgsuhaMBoNJV6VKPgcSTxE=",
      "dev": true
    },
    "isomorphic-fetch": {
      "version": "2.2.1",
      "resolved": "https://registry.npmjs.org/isomorphic-fetch/-/isomorphic-fetch-2.2.1.tgz",
      "integrity": "sha1-YRrhrPFPXoH3KVB0coGf6XM1WKk=",
      "requires": {
        "node-fetch": "1.7.3",
        "whatwg-fetch": "2.0.3"
      },
      "dependencies": {
        "encoding": {
          "version": "0.1.12",
          "resolved": "https://registry.npmjs.org/encoding/-/encoding-0.1.12.tgz",
          "integrity": "sha1-U4tm8+5izRq1HsMjgp0flIDHS+s=",
          "requires": {
            "iconv-lite": "0.4.19"
          }
        },
        "iconv-lite": {
          "version": "0.4.19",
          "resolved": "https://registry.npmjs.org/iconv-lite/-/iconv-lite-0.4.19.tgz",
          "integrity": "sha512-oTZqweIP51xaGPI4uPa56/Pri/480R+mo7SeU+YETByQNhDG55ycFyNLIgta9vXhILrxXDmF7ZGhqZIcuN0gJQ=="
        },
        "is-stream": {
          "version": "1.1.0",
          "resolved": "https://registry.npmjs.org/is-stream/-/is-stream-1.1.0.tgz",
          "integrity": "sha1-EtSj3U5o4Lec6428hBc66A2RykQ="
        },
        "node-fetch": {
          "version": "1.7.3",
          "resolved": "https://registry.npmjs.org/node-fetch/-/node-fetch-1.7.3.tgz",
          "integrity": "sha512-NhZ4CsKx7cYm2vSrBAr2PvFOe6sWDf0UYLRqA6svUYg7+/TSfVAu49jYC4BvQ4Sms9SZgdqGBgroqfDhJdTyKQ==",
          "requires": {
            "encoding": "0.1.12",
            "is-stream": "1.1.0"
          }
        },
        "whatwg-fetch": {
          "version": "2.0.3",
          "resolved": "https://registry.npmjs.org/whatwg-fetch/-/whatwg-fetch-2.0.3.tgz",
          "integrity": "sha1-nITsLc9oGH/wC8ZOEnS0QhduHIQ="
        }
      }
    },
    "jquery": {
      "version": "3.2.1",
      "resolved": "https://registry.npmjs.org/jquery/-/jquery-3.2.1.tgz",
      "integrity": "sha1-XE2d5lKvbNCncBVKYxu6ErAVx4c=",
      "dev": true
    },
    "js-tokens": {
      "version": "https://registry.npmjs.org/js-tokens/-/js-tokens-3.0.1.tgz",
      "integrity": "sha1-COnxMkhKLEWjCQfp3E1VZ7fxFNc="
    },
    "keycode": {
      "version": "2.1.9",
      "resolved": "https://registry.npmjs.org/keycode/-/keycode-2.1.9.tgz",
      "integrity": "sha1-lkojxU5IiUBbSGGlyfBIDUUUHfo="
    },
    "lodash.merge": {
      "version": "4.6.0",
      "resolved": "https://registry.npmjs.org/lodash.merge/-/lodash.merge-4.6.0.tgz",
      "integrity": "sha1-aYhLoUSsM/5plzemCG3v+t0PicU="
    },
    "lodash.throttle": {
      "version": "4.1.1",
      "resolved": "https://registry.npmjs.org/lodash.throttle/-/lodash.throttle-4.1.1.tgz",
      "integrity": "sha1-wj6RtxAkKscMN/HhzaknTMOb8vQ="
    },
    "loose-envify": {
      "version": "https://registry.npmjs.org/loose-envify/-/loose-envify-1.3.1.tgz",
      "integrity": "sha1-0aitM/qc4OcT1l/dCsi3SNR4yEg=",
      "requires": {
        "js-tokens": "https://registry.npmjs.org/js-tokens/-/js-tokens-3.0.1.tgz"
      }
    },
    "material-ui": {
      "version": "0.19.4",
      "resolved": "https://registry.npmjs.org/material-ui/-/material-ui-0.19.4.tgz",
      "integrity": "sha1-ypzcqKqLtZTfrF2zjsn/BFoyNYc=",
      "requires": {
        "babel-runtime": "6.26.0",
        "inline-style-prefixer": "3.0.8",
        "keycode": "2.1.9",
        "lodash.merge": "4.6.0",
        "lodash.throttle": "4.1.1",
        "prop-types": "15.6.0",
        "react-event-listener": "0.5.1",
        "react-transition-group": "1.2.1",
        "recompose": "0.26.0",
        "simple-assign": "0.1.0",
        "warning": "3.0.0"
      },
      "dependencies": {
        "asap": {
          "version": "2.0.6",
          "resolved": "https://registry.npmjs.org/asap/-/asap-2.0.6.tgz",
          "integrity": "sha1-5QNHYR1+aQlDIIu9r+vLwvuGbUY="
        },
        "babel-runtime": {
          "version": "6.26.0",
          "resolved": "https://registry.npmjs.org/babel-runtime/-/babel-runtime-6.26.0.tgz",
          "integrity": "sha1-llxwWGaOgrVde/4E/yM3vItWR/4=",
          "requires": {
            "core-js": "2.5.1",
            "regenerator-runtime": "0.11.0"
          }
        },
        "core-js": {
          "version": "2.5.1",
          "resolved": "https://registry.npmjs.org/core-js/-/core-js-2.5.1.tgz",
          "integrity": "sha1-rmh03GaTd4m4B1T/VCjfZoGcpQs="
        },
        "encoding": {
          "version": "0.1.12",
          "resolved": "https://registry.npmjs.org/encoding/-/encoding-0.1.12.tgz",
          "integrity": "sha1-U4tm8+5izRq1HsMjgp0flIDHS+s=",
          "requires": {
            "iconv-lite": "0.4.19"
          }
        },
        "fbjs": {
          "version": "0.8.16",
          "resolved": "https://registry.npmjs.org/fbjs/-/fbjs-0.8.16.tgz",
          "integrity": "sha1-XmdDL1UNxBtXK/VYR7ispk5TN9s=",
          "requires": {
            "core-js": "1.2.7",
            "isomorphic-fetch": "2.2.1",
            "loose-envify": "1.3.1",
            "object-assign": "4.1.1",
            "promise": "7.3.1",
            "setimmediate": "1.0.5",
            "ua-parser-js": "0.7.17"
          },
          "dependencies": {
            "core-js": {
              "version": "1.2.7",
              "resolved": "https://registry.npmjs.org/core-js/-/core-js-1.2.7.tgz",
              "integrity": "sha1-ZSKUwUZR2yj6k70tX/KYOk8IxjY="
            }
          }
        },
        "iconv-lite": {
          "version": "0.4.19",
          "resolved": "https://registry.npmjs.org/iconv-lite/-/iconv-lite-0.4.19.tgz",
          "integrity": "sha512-oTZqweIP51xaGPI4uPa56/Pri/480R+mo7SeU+YETByQNhDG55ycFyNLIgta9vXhILrxXDmF7ZGhqZIcuN0gJQ=="
        },
        "is-stream": {
          "version": "1.1.0",
          "resolved": "https://registry.npmjs.org/is-stream/-/is-stream-1.1.0.tgz",
          "integrity": "sha1-EtSj3U5o4Lec6428hBc66A2RykQ="
        },
        "isomorphic-fetch": {
          "version": "2.2.1",
          "resolved": "https://registry.npmjs.org/isomorphic-fetch/-/isomorphic-fetch-2.2.1.tgz",
          "integrity": "sha1-YRrhrPFPXoH3KVB0coGf6XM1WKk=",
          "requires": {
            "node-fetch": "1.7.3",
            "whatwg-fetch": "2.0.3"
          }
        },
        "js-tokens": {
          "version": "3.0.2",
          "resolved": "https://registry.npmjs.org/js-tokens/-/js-tokens-3.0.2.tgz",
          "integrity": "sha1-mGbfOVECEw449/mWvOtlRDIJwls="
        },
        "loose-envify": {
          "version": "1.3.1",
          "resolved": "https://registry.npmjs.org/loose-envify/-/loose-envify-1.3.1.tgz",
          "integrity": "sha1-0aitM/qc4OcT1l/dCsi3SNR4yEg=",
          "requires": {
            "js-tokens": "3.0.2"
          }
        },
        "node-fetch": {
          "version": "1.7.3",
          "resolved": "https://registry.npmjs.org/node-fetch/-/node-fetch-1.7.3.tgz",
          "integrity": "sha512-NhZ4CsKx7cYm2vSrBAr2PvFOe6sWDf0UYLRqA6svUYg7+/TSfVAu49jYC4BvQ4Sms9SZgdqGBgroqfDhJdTyKQ==",
          "requires": {
            "encoding": "0.1.12",
            "is-stream": "1.1.0"
          }
        },
        "object-assign": {
          "version": "4.1.1",
          "resolved": "https://registry.npmjs.org/object-assign/-/object-assign-4.1.1.tgz",
          "integrity": "sha1-IQmtx5ZYh8/AXLvUQsrIv7s2CGM="
        },
        "promise": {
          "version": "7.3.1",
          "resolved": "https://registry.npmjs.org/promise/-/promise-7.3.1.tgz",
          "integrity": "sha512-nolQXZ/4L+bP/UGlkfaIujX9BKxGwmQ9OT4mOt5yvy8iK1h3wqTEJCijzGANTCCl9nWjY41juyAn2K3Q1hLLTg==",
          "requires": {
            "asap": "2.0.6"
          }
        },
        "prop-types": {
          "version": "15.6.0",
          "resolved": "https://registry.npmjs.org/prop-types/-/prop-types-15.6.0.tgz",
          "integrity": "sha1-zq8IMCL8RrSjX2nhPvda7Q1jmFY=",
          "requires": {
            "fbjs": "0.8.16",
            "loose-envify": "1.3.1",
            "object-assign": "4.1.1"
          }
        },
        "regenerator-runtime": {
          "version": "0.11.0",
          "resolved": "https://registry.npmjs.org/regenerator-runtime/-/regenerator-runtime-0.11.0.tgz",
          "integrity": "sha512-/aA0kLeRb5N9K0d4fw7ooEbI+xDe+DKD499EQqygGqeS8N3xto15p09uY2xj7ixP81sNPXvRLnAQIqdVStgb1A=="
        },
        "setimmediate": {
          "version": "1.0.5",
          "resolved": "https://registry.npmjs.org/setimmediate/-/setimmediate-1.0.5.tgz",
          "integrity": "sha1-KQy7Iy4waULX1+qbg3Mqt4VvgoU="
        },
        "ua-parser-js": {
          "version": "0.7.17",
          "resolved": "https://registry.npmjs.org/ua-parser-js/-/ua-parser-js-0.7.17.tgz",
          "integrity": "sha512-uRdSdu1oA1rncCQL7sCj8vSyZkgtL7faaw9Tc9rZ3mGgraQ7+Pdx7w5mnOSF3gw9ZNG6oc+KXfkon3bKuROm0g=="
        },
        "warning": {
          "version": "3.0.0",
          "resolved": "https://registry.npmjs.org/warning/-/warning-3.0.0.tgz",
          "integrity": "sha1-MuU3fLVy3kqwR1O9+IIcAe1gW3w=",
          "requires": {
            "loose-envify": "1.3.1"
          }
        },
        "whatwg-fetch": {
          "version": "2.0.3",
          "resolved": "https://registry.npmjs.org/whatwg-fetch/-/whatwg-fetch-2.0.3.tgz",
          "integrity": "sha1-nITsLc9oGH/wC8ZOEnS0QhduHIQ="
        }
      }
    },
    "memory-fs": {
      "version": "0.3.0",
      "resolved": "https://registry.npmjs.org/memory-fs/-/memory-fs-0.3.0.tgz",
      "integrity": "sha1-e8xrYp46Q+hx1+Kaymrop/FcuyA=",
      "dev": true,
      "requires": {
        "errno": "0.1.4",
        "readable-stream": "2.3.3"
      }
    },
    "mime": {
      "version": "1.4.1",
      "resolved": "https://registry.npmjs.org/mime/-/mime-1.4.1.tgz",
      "integrity": "sha512-KI1+qOZu5DcW6wayYHSzR/tXKCDC5Om4s1z2QJjDULzLcmf3DvzS7oluY4HCTrc+9FiKmWUgeNLg7W3uIQvxtQ==",
      "dev": true
    },
    "ms": {
      "version": "2.0.0",
      "resolved": "https://registry.npmjs.org/ms/-/ms-2.0.0.tgz",
      "integrity": "sha1-VgiurfwAvmwpAd9fmGF4jeDVl8g=",
      "dev": true
    },
    "object-assign": {
      "version": "https://registry.npmjs.org/object-assign/-/object-assign-4.1.1.tgz",
      "integrity": "sha1-IQmtx5ZYh8/AXLvUQsrIv7s2CGM="
    },
    "on-finished": {
      "version": "2.3.0",
      "resolved": "https://registry.npmjs.org/on-finished/-/on-finished-2.3.0.tgz",
      "integrity": "sha1-IPEzZIGwg811M3mSoWlxqi2QaUc=",
      "dev": true,
      "requires": {
        "ee-first": "1.1.1"
      }
    },
    "parseurl": {
      "version": "1.3.2",
      "resolved": "https://registry.npmjs.org/parseurl/-/parseurl-1.3.2.tgz",
      "integrity": "sha1-/CidTtiZMRlGDBViUyYs3I3mW/M=",
      "dev": true
    },
    "path-is-absolute": {
      "version": "1.0.1",
      "resolved": "https://registry.npmjs.org/path-is-absolute/-/path-is-absolute-1.0.1.tgz",
      "integrity": "sha1-F0uSaHNVNP+8es5r9TpanhtcX18=",
      "dev": true
    },
    "process-nextick-args": {
      "version": "1.0.7",
      "resolved": "https://registry.npmjs.org/process-nextick-args/-/process-nextick-args-1.0.7.tgz",
      "integrity": "sha1-FQ4gt1ZZCtP5EJPyWk8q2L/zC6M=",
      "dev": true
    },
    "promise": {
      "version": "https://registry.npmjs.org/promise/-/promise-7.3.1.tgz",
      "integrity": "sha1-BktyYCsY+Q8pGSuLG8QY/9Hr078=",
      "requires": {
        "asap": "https://registry.npmjs.org/asap/-/asap-2.0.5.tgz"
      }
    },
    "prop-types": {
      "version": "https://registry.npmjs.org/prop-types/-/prop-types-15.5.10.tgz",
      "integrity": "sha1-J5ffwxJhguOpXj37suiT3ddFYVQ=",
      "requires": {
        "fbjs": "https://registry.npmjs.org/fbjs/-/fbjs-0.8.12.tgz",
        "loose-envify": "https://registry.npmjs.org/loose-envify/-/loose-envify-1.3.1.tgz"
      }
    },
    "prr": {
      "version": "0.0.0",
      "resolved": "https://registry.npmjs.org/prr/-/prr-0.0.0.tgz",
      "integrity": "sha1-GoS4WQgyVQFBGFPQCB7j+obikmo=",
      "dev": true
    },
    "range-parser": {
      "version": "1.2.0",
      "resolved": "https://registry.npmjs.org/range-parser/-/range-parser-1.2.0.tgz",
      "integrity": "sha1-9JvmtIeJTdxA3MlKMi9hEJLgDV4=",
      "dev": true
    },
    "react-event-listener": {
      "version": "0.5.1",
      "resolved": "https://registry.npmjs.org/react-event-listener/-/react-event-listener-0.5.1.tgz",
      "integrity": "sha1-ujYHbke8N8Wmf/XM1Kn/DxViEEA=",
      "requires": {
        "babel-runtime": "6.26.0",
        "fbjs": "0.8.16",
        "prop-types": "15.6.0",
        "warning": "https://registry.npmjs.org/warning/-/warning-3.0.0.tgz"
      },
      "dependencies": {
        "babel-runtime": {
          "version": "6.26.0",
          "resolved": "https://registry.npmjs.org/babel-runtime/-/babel-runtime-6.26.0.tgz",
          "integrity": "sha1-llxwWGaOgrVde/4E/yM3vItWR/4=",
          "requires": {
            "core-js": "2.5.1",
            "regenerator-runtime": "0.11.0"
          }
        },
        "core-js": {
          "version": "2.5.1",
          "resolved": "https://registry.npmjs.org/core-js/-/core-js-2.5.1.tgz",
          "integrity": "sha1-rmh03GaTd4m4B1T/VCjfZoGcpQs="
        },
        "fbjs": {
          "version": "0.8.16",
          "resolved": "https://registry.npmjs.org/fbjs/-/fbjs-0.8.16.tgz",
          "integrity": "sha1-XmdDL1UNxBtXK/VYR7ispk5TN9s=",
          "requires": {
            "core-js": "1.2.7",
            "isomorphic-fetch": "2.2.1",
            "loose-envify": "https://registry.npmjs.org/loose-envify/-/loose-envify-1.3.1.tgz",
            "object-assign": "https://registry.npmjs.org/object-assign/-/object-assign-4.1.1.tgz",
            "promise": "https://registry.npmjs.org/promise/-/promise-7.3.1.tgz",
            "setimmediate": "https://registry.npmjs.org/setimmediate/-/setimmediate-1.0.5.tgz",
            "ua-parser-js": "https://registry.npmjs.org/ua-parser-js/-/ua-parser-js-0.7.13.tgz"
          },
          "dependencies": {
            "core-js": {
              "version": "1.2.7",
              "resolved": "https://registry.npmjs.org/core-js/-/core-js-1.2.7.tgz",
              "integrity": "sha1-ZSKUwUZR2yj6k70tX/KYOk8IxjY="
            }
          }
        },
        "prop-types": {
          "version": "15.6.0",
          "resolved": "https://registry.npmjs.org/prop-types/-/prop-types-15.6.0.tgz",
          "integrity": "sha1-zq8IMCL8RrSjX2nhPvda7Q1jmFY=",
          "requires": {
            "fbjs": "0.8.16",
            "loose-envify": "https://registry.npmjs.org/loose-envify/-/loose-envify-1.3.1.tgz",
            "object-assign": "https://registry.npmjs.org/object-assign/-/object-assign-4.1.1.tgz"
          }
        },
        "regenerator-runtime": {
          "version": "0.11.0",
          "resolved": "https://registry.npmjs.org/regenerator-runtime/-/regenerator-runtime-0.11.0.tgz",
          "integrity": "sha512-/aA0kLeRb5N9K0d4fw7ooEbI+xDe+DKD499EQqygGqeS8N3xto15p09uY2xj7ixP81sNPXvRLnAQIqdVStgb1A=="
        }
      }
    },
    "react-transition-group": {
      "version": "1.2.1",
      "resolved": "https://registry.npmjs.org/react-transition-group/-/react-transition-group-1.2.1.tgz",
      "integrity": "sha1-4R9yslf5IbITIpp3TfRmEjRsfKY=",
      "requires": {
        "chain-function": "1.0.0",
        "dom-helpers": "3.2.1",
        "loose-envify": "https://registry.npmjs.org/loose-envify/-/loose-envify-1.3.1.tgz",
        "prop-types": "https://registry.npmjs.org/prop-types/-/prop-types-15.5.10.tgz",
        "warning": "https://registry.npmjs.org/warning/-/warning-3.0.0.tgz"
      }
    },
    "readable-stream": {
      "version": "2.3.3",
      "resolved": "https://registry.npmjs.org/readable-stream/-/readable-stream-2.3.3.tgz",
      "integrity": "sha512-m+qzzcn7KUxEmd1gMbchF+Y2eIUbieUaxkWtptyHywrX0rE8QEYqPC07Vuy4Wm32/xE16NcdBctb8S0Xe/5IeQ==",
      "dev": true,
      "requires": {
        "core-util-is": "1.0.2",
        "inherits": "2.0.3",
        "isarray": "1.0.0",
        "process-nextick-args": "1.0.7",
        "safe-buffer": "5.1.1",
        "string_decoder": "1.0.3",
        "util-deprecate": "1.0.2"
      }
    },
    "recompose": {
      "version": "0.26.0",
      "resolved": "https://registry.npmjs.org/recompose/-/recompose-0.26.0.tgz",
      "integrity": "sha1-m6v/A5y3K6W9FzZtVdcjL737LTA=",
      "requires": {
        "change-emitter": "0.1.6",
        "fbjs": "https://registry.npmjs.org/fbjs/-/fbjs-0.8.12.tgz",
        "hoist-non-react-statics": "2.3.1",
        "symbol-observable": "1.0.4"
      },
      "dependencies": {
        "hoist-non-react-statics": {
          "version": "2.3.1",
          "resolved": "https://registry.npmjs.org/hoist-non-react-statics/-/hoist-non-react-statics-2.3.1.tgz",
          "integrity": "sha1-ND24TGAYxlB3iJgkATWhQg7iLOA="
        }
      }
    },
    "require-from-string": {
      "version": "1.2.1",
      "resolved": "https://registry.npmjs.org/require-from-string/-/require-from-string-1.2.1.tgz",
      "integrity": "sha1-UpyczvJzgK3+yaL5ZbZJu+5jZBg=",
      "dev": true
    },
    "safe-buffer": {
      "version": "5.1.1",
      "resolved": "https://registry.npmjs.org/safe-buffer/-/safe-buffer-5.1.1.tgz",
      "integrity": "sha512-kKvNJn6Mm93gAczWVJg7wH+wGYWNrDHdWvpUmHyEsgCtIwwo3bqPtV4tR5tuPaUhTOo/kvhVwd8XwwOllGYkbg==",
      "dev": true
    },
    "setimmediate": {
      "version": "https://registry.npmjs.org/setimmediate/-/setimmediate-1.0.5.tgz",
      "integrity": "sha1-KQy7Iy4waULX1+qbg3Mqt4VvgoU="
    },
    "simple-assign": {
      "version": "0.1.0",
      "resolved": "https://registry.npmjs.org/simple-assign/-/simple-assign-0.1.0.tgz",
      "integrity": "sha1-F/0wZqXz13OPUDIbsPFMooHMS6o="
    },
    "statuses": {
      "version": "1.3.1",
      "resolved": "https://registry.npmjs.org/statuses/-/statuses-1.3.1.tgz",
      "integrity": "sha1-+vUbnrdKrvOzrPStX2Gr8ky3uT4=",
      "dev": true
    },
    "string_decoder": {
      "version": "1.0.3",
      "resolved": "https://registry.npmjs.org/string_decoder/-/string_decoder-1.0.3.tgz",
      "integrity": "sha512-4AH6Z5fzNNBcH+6XDMfA/BTt87skxqJlO0lAh3Dker5zThcAxG6mKz+iGu308UKoPPQ8Dcqx/4JhujzltRa+hQ==",
      "dev": true,
      "requires": {
        "safe-buffer": "5.1.1"
      }
    },
    "symbol-observable": {
      "version": "1.0.4",
      "resolved": "https://registry.npmjs.org/symbol-observable/-/symbol-observable-1.0.4.tgz",
      "integrity": "sha1-Kb9hXUqnEhvdiYsi1LP5vE4qoD0="
    },
    "time-stamp": {
      "version": "2.0.0",
      "resolved": "https://registry.npmjs.org/time-stamp/-/time-stamp-2.0.0.tgz",
      "integrity": "sha1-lcakRTDhW6jW9KPsuMOj+sRto1c=",
      "dev": true
    },
    "ua-parser-js": {
      "version": "https://registry.npmjs.org/ua-parser-js/-/ua-parser-js-0.7.13.tgz",
      "integrity": "sha1-zZ3S+GSTs/RNvu7zeA/adMXuFL4="
    },
    "unpipe": {
      "version": "1.0.0",
      "resolved": "https://registry.npmjs.org/unpipe/-/unpipe-1.0.0.tgz",
      "integrity": "sha1-sr9O6FFKrmFltIF4KdIbLvSZBOw=",
      "dev": true
    },
    "util-deprecate": {
      "version": "1.0.2",
      "resolved": "https://registry.npmjs.org/util-deprecate/-/util-deprecate-1.0.2.tgz",
      "integrity": "sha1-RQ1Nyfpw3nMnYvvS1KKJgUGaDM8=",
      "dev": true
    },
    "utils-merge": {
      "version": "1.0.1",
      "resolved": "https://registry.npmjs.org/utils-merge/-/utils-merge-1.0.1.tgz",
      "integrity": "sha1-n5VxD1CiZ5R7LMwSR0HBAoQn5xM=",
      "dev": true
    },
    "warning": {
      "version": "https://registry.npmjs.org/warning/-/warning-3.0.0.tgz",
      "integrity": "sha1-MuU3fLVy3kqwR1O9+IIcAe1gW3w=",
      "requires": {
        "loose-envify": "https://registry.npmjs.org/loose-envify/-/loose-envify-1.3.1.tgz"
      }
    },
    "webpack-dev-middleware": {
      "version": "1.12.0",
      "resolved": "https://registry.npmjs.org/webpack-dev-middleware/-/webpack-dev-middleware-1.12.0.tgz",
      "integrity": "sha1-007++y7dp+HTtdvgcolRMhllFwk=",
      "dev": true,
      "requires": {
        "memory-fs": "0.4.1",
        "mime": "1.4.1",
        "path-is-absolute": "1.0.1",
        "range-parser": "1.2.0",
        "time-stamp": "2.0.0"
      },
      "dependencies": {
        "memory-fs": {
          "version": "0.4.1",
          "resolved": "https://registry.npmjs.org/memory-fs/-/memory-fs-0.4.1.tgz",
          "integrity": "sha1-OpoguEYlI+RHz7x+i7gO1me/xVI=",
          "dev": true,
          "requires": {
            "errno": "0.1.4",
            "readable-stream": "2.3.3"
          }
        }
      }
    },
    "webpack-node-externals": {
      "version": "1.6.0",
      "resolved": "https://registry.npmjs.org/webpack-node-externals/-/webpack-node-externals-1.6.0.tgz",
      "integrity": "sha1-Iyxi7GCSsQBjWj0p2DwXRxKN+b0=",
      "dev": true
    }
  }
}
