
Microsoft Visual Studio Solution File, Format Version 12.00
# Visual Studio Version 17
VisualStudioVersion = 17.0.31825.309
MinimumVisualStudioVersion = 10.0.40219.1
Project("{9A19103F-16F7-4668-BE54-9A1E7A4F7556}") = "FilterLists.Directory.Api", "Directory\FilterLists.Directory.Api\FilterLists.Directory.Api.csproj", "{FE50F471-7DC0-44AB-8DAB-2909E3207FF9}"
EndProject
Project("{2150E333-8FDC-42A3-9474-1A3956D46DE8}") = "Directory", "Directory", "{AE5D6471-1B6E-4B06-A313-34EF81F35342}"
	ProjectSection(SolutionItems) = preProject
		Directory\azure-pipelines.api.yaml = Directory\azure-pipelines.api.yaml
		Directory\azure-pipelines.migrate.yaml = Directory\azure-pipelines.migrate.yaml
	EndProjectSection
EndProject
Project("{9A19103F-16F7-4668-BE54-9A1E7A4F7556}") = "FilterLists.Directory.Application", "Directory\FilterLists.Directory.Application\FilterLists.Directory.Application.csproj", "{CB1BCB34-C2A1-4E94-A90E-359FB4720B96}"
EndProject
Project("{9A19103F-16F7-4668-BE54-9A1E7A4F7556}") = "FilterLists.Directory.Infrastructure", "Directory\FilterLists.Directory.Infrastructure\FilterLists.Directory.Infrastructure.csproj", "{74C798F8-892A-40F2-8D2E-395E83853771}"
EndProject
Project("{9A19103F-16F7-4668-BE54-9A1E7A4F7556}") = "FilterLists.Directory.Infrastructure.Migrations", "Directory\FilterLists.Directory.Infrastructure.Migrations\FilterLists.Directory.Infrastructure.Migrations.csproj", "{4F7D51FE-A1F3-4473-A8C3-D57EBDD8E60E}"
EndProject
Project("{E53339B2-1760-4266-BCC7-CA923CBCF16C}") = "docker-compose", "..\docker-compose\docker-compose.dcproj", "{8F04C802-830B-4B6D-8D53-5D2A87B4223D}"
EndProject
Project("{2150E333-8FDC-42A3-9474-1A3956D46DE8}") = "Solution Items", "Solution Items", "{A534ED99-43A6-4CD2-9288-BD35F82F4E88}"
	ProjectSection(SolutionItems) = preProject
		.dockerignore = .dockerignore
		.editorconfig = .editorconfig
		..\.github\dependabot.yml = ..\.github\dependabot.yml
		FilterLists.sln.DotSettings = FilterLists.sln.DotSettings
		global.json = global.json
	EndProjectSection
EndProject
Project("{2150E333-8FDC-42A3-9474-1A3956D46DE8}") = "Data", "Data", "{8F419098-3EEB-4B4B-99A8-70555FA93DAF}"
	ProjectSection(SolutionItems) = preProject
		Directory\data\Dependent.json = Directory\data\Dependent.json
		Directory\data\FilterList.json = Directory\data\FilterList.json
		Directory\data\FilterListLanguage.json = Directory\data\FilterListLanguage.json
		Directory\data\FilterListMaintainer.json = Directory\data\FilterListMaintainer.json
		Directory\data\FilterListSyntax.json = Directory\data\FilterListSyntax.json
		Directory\data\FilterListTag.json = Directory\data\FilterListTag.json
		Directory\data\FilterListViewUrl.json = Directory\data\FilterListViewUrl.json
		Directory\data\Fork.json = Directory\data\Fork.json
		Directory\data\Language.json = Directory\data\Language.json
		Directory\data\License.json = Directory\data\License.json
		Directory\data\Maintainer.json = Directory\data\Maintainer.json
		Directory\data\Merge.json = Directory\data\Merge.json
		Directory\data\Software.json = Directory\data\Software.json
		Directory\data\SoftwareSyntax.json = Directory\data\SoftwareSyntax.json
		Directory\data\Syntax.json = Directory\data\Syntax.json
		Directory\data\Tag.json = Directory\data\Tag.json
	EndProjectSection
EndProject
Project("{9A19103F-16F7-4668-BE54-9A1E7A4F7556}") = "FilterLists.Directory.Infrastructure.Migrations.Tests", "Directory\FilterLists.Directory.Infrastructure.Migrations.Tests\FilterLists.Directory.Infrastructure.Migrations.Tests.csproj", "{8B07EF04-5516-40BB-B21B-CEC6F90EC631}"
EndProject
Project("{2150E333-8FDC-42A3-9474-1A3956D46DE8}") = "SharedKernel", "SharedKernel", "{59197818-6C72-4A3C-A595-49F3D7D2EB18}"
EndProject
Project("{9A19103F-16F7-4668-BE54-9A1E7A4F7556}") = "FilterLists.SharedKernel.Logging", "SharedKernel\FilterLists.SharedKernel.Logging\FilterLists.SharedKernel.Logging.csproj", "{5485F55E-DFED-4DA0-8A00-220B081FAC96}"
EndProject
Project("{9A19103F-16F7-4668-BE54-9A1E7A4F7556}") = "FilterLists.Directory.Api.Contracts", "Directory\FilterLists.Directory.Api.Contracts\FilterLists.Directory.Api.Contracts.csproj", "{4D3D2508-CCC6-4C0B-B5E4-734DD5EC588F}"
EndProject
Project("{9A19103F-16F7-4668-BE54-9A1E7A4F7556}") = "FilterLists.Directory.Domain", "Directory\FilterLists.Directory.Domain\FilterLists.Directory.Domain.csproj", "{EE844873-71D7-4B9D-93BF-DF65B9E4770D}"
EndProject
Project("{9A19103F-16F7-4668-BE54-9A1E7A4F7556}") = "FilterLists.SharedKernel.Domain.SeedWork", "SharedKernel\FilterLists.SharedKernel.Domain.SeedWork\FilterLists.SharedKernel.Domain.SeedWork.csproj", "{D30024F5-B73C-452E-8EE3-C3A6D238BF23}"
EndProject
Global
	GlobalSection(SolutionConfigurationPlatforms) = preSolution
		Debug|Any CPU = Debug|Any CPU
		Release|Any CPU = Release|Any CPU
	EndGlobalSection
	GlobalSection(ProjectConfigurationPlatforms) = postSolution
		{FE50F471-7DC0-44AB-8DAB-2909E3207FF9}.Debug|Any CPU.ActiveCfg = Debug|Any CPU
		{FE50F471-7DC0-44AB-8DAB-2909E3207FF9}.Debug|Any CPU.Build.0 = Debug|Any CPU
		{FE50F471-7DC0-44AB-8DAB-2909E3207FF9}.Release|Any CPU.ActiveCfg = Release|Any CPU
		{FE50F471-7DC0-44AB-8DAB-2909E3207FF9}.Release|Any CPU.Build.0 = Release|Any CPU
		{CB1BCB34-C2A1-4E94-A90E-359FB4720B96}.Debug|Any CPU.ActiveCfg = Debug|Any CPU
		{CB1BCB34-C2A1-4E94-A90E-359FB4720B96}.Debug|Any CPU.Build.0 = Debug|Any CPU
		{CB1BCB34-C2A1-4E94-A90E-359FB4720B96}.Release|Any CPU.ActiveCfg = Release|Any CPU
		{CB1BCB34-C2A1-4E94-A90E-359FB4720B96}.Release|Any CPU.Build.0 = Release|Any CPU
		{74C798F8-892A-40F2-8D2E-395E83853771}.Debug|Any CPU.ActiveCfg = Debug|Any CPU
		{74C798F8-892A-40F2-8D2E-395E83853771}.Debug|Any CPU.Build.0 = Debug|Any CPU
		{74C798F8-892A-40F2-8D2E-395E83853771}.Release|Any CPU.ActiveCfg = Release|Any CPU
		{74C798F8-892A-40F2-8D2E-395E83853771}.Release|Any CPU.Build.0 = Release|Any CPU
		{4F7D51FE-A1F3-4473-A8C3-D57EBDD8E60E}.Debug|Any CPU.ActiveCfg = Debug|Any CPU
		{4F7D51FE-A1F3-4473-A8C3-D57EBDD8E60E}.Debug|Any CPU.Build.0 = Debug|Any CPU
		{4F7D51FE-A1F3-4473-A8C3-D57EBDD8E60E}.Release|Any CPU.ActiveCfg = Release|Any CPU
		{4F7D51FE-A1F3-4473-A8C3-D57EBDD8E60E}.Release|Any CPU.Build.0 = Release|Any CPU
		{8F04C802-830B-4B6D-8D53-5D2A87B4223D}.Debug|Any CPU.ActiveCfg = Debug|Any CPU
		{8F04C802-830B-4B6D-8D53-5D2A87B4223D}.Debug|Any CPU.Build.0 = Debug|Any CPU
		{8F04C802-830B-4B6D-8D53-5D2A87B4223D}.Release|Any CPU.ActiveCfg = Release|Any CPU
		{8F04C802-830B-4B6D-8D53-5D2A87B4223D}.Release|Any CPU.Build.0 = Release|Any CPU
		{8B07EF04-5516-40BB-B21B-CEC6F90EC631}.Debug|Any CPU.ActiveCfg = Debug|Any CPU
		{8B07EF04-5516-40BB-B21B-CEC6F90EC631}.Debug|Any CPU.Build.0 = Debug|Any CPU
		{8B07EF04-5516-40BB-B21B-CEC6F90EC631}.Release|Any CPU.ActiveCfg = Release|Any CPU
		{8B07EF04-5516-40BB-B21B-CEC6F90EC631}.Release|Any CPU.Build.0 = Release|Any CPU
		{F625C241-0501-4AEB-8B82-609C93EE6B7D}.Debug|Any CPU.ActiveCfg = Debug|Any CPU
		{F625C241-0501-4AEB-8B82-609C93EE6B7D}.Debug|Any CPU.Build.0 = Debug|Any CPU
		{F625C241-0501-4AEB-8B82-609C93EE6B7D}.Release|Any CPU.ActiveCfg = Release|Any CPU
		{F625C241-0501-4AEB-8B82-609C93EE6B7D}.Release|Any CPU.Build.0 = Release|Any CPU
		{11669839-E666-477B-A1B6-276041AD3768}.Debug|Any CPU.ActiveCfg = Debug|Any CPU
		{11669839-E666-477B-A1B6-276041AD3768}.Debug|Any CPU.Build.0 = Debug|Any CPU
		{11669839-E666-477B-A1B6-276041AD3768}.Release|Any CPU.ActiveCfg = Release|Any CPU
		{11669839-E666-477B-A1B6-276041AD3768}.Release|Any CPU.Build.0 = Release|Any CPU
		{A0B77015-E8C4-41D3-B63D-BF818026298C}.Debug|Any CPU.ActiveCfg = Debug|Any CPU
		{A0B77015-E8C4-41D3-B63D-BF818026298C}.Debug|Any CPU.Build.0 = Debug|Any CPU
		{A0B77015-E8C4-41D3-B63D-BF818026298C}.Release|Any CPU.ActiveCfg = Release|Any CPU
		{A0B77015-E8C4-41D3-B63D-BF818026298C}.Release|Any CPU.Build.0 = Release|Any CPU
		{5485F55E-DFED-4DA0-8A00-220B081FAC96}.Debug|Any CPU.ActiveCfg = Debug|Any CPU
		{5485F55E-DFED-4DA0-8A00-220B081FAC96}.Debug|Any CPU.Build.0 = Debug|Any CPU
		{5485F55E-DFED-4DA0-8A00-220B081FAC96}.Release|Any CPU.ActiveCfg = Release|Any CPU
		{5485F55E-DFED-4DA0-8A00-220B081FAC96}.Release|Any CPU.Build.0 = Release|Any CPU
		{4D3D2508-CCC6-4C0B-B5E4-734DD5EC588F}.Debug|Any CPU.ActiveCfg = Debug|Any CPU
		{4D3D2508-CCC6-4C0B-B5E4-734DD5EC588F}.Debug|Any CPU.Build.0 = Debug|Any CPU
		{4D3D2508-CCC6-4C0B-B5E4-734DD5EC588F}.Release|Any CPU.ActiveCfg = Release|Any CPU
		{4D3D2508-CCC6-4C0B-B5E4-734DD5EC588F}.Release|Any CPU.Build.0 = Release|Any CPU
		{6402E81A-75C2-422F-933B-AAC1ED8C4128}.Debug|Any CPU.ActiveCfg = Debug|Any CPU
		{6402E81A-75C2-422F-933B-AAC1ED8C4128}.Debug|Any CPU.Build.0 = Debug|Any CPU
		{6402E81A-75C2-422F-933B-AAC1ED8C4128}.Release|Any CPU.ActiveCfg = Release|Any CPU
		{6402E81A-75C2-422F-933B-AAC1ED8C4128}.Release|Any CPU.Build.0 = Release|Any CPU
		{EE844873-71D7-4B9D-93BF-DF65B9E4770D}.Debug|Any CPU.ActiveCfg = Debug|Any CPU
		{EE844873-71D7-4B9D-93BF-DF65B9E4770D}.Debug|Any CPU.Build.0 = Debug|Any CPU
		{EE844873-71D7-4B9D-93BF-DF65B9E4770D}.Release|Any CPU.ActiveCfg = Release|Any CPU
		{EE844873-71D7-4B9D-93BF-DF65B9E4770D}.Release|Any CPU.Build.0 = Release|Any CPU
		{D30024F5-B73C-452E-8EE3-C3A6D238BF23}.Debug|Any CPU.ActiveCfg = Debug|Any CPU
		{D30024F5-B73C-452E-8EE3-C3A6D238BF23}.Debug|Any CPU.Build.0 = Debug|Any CPU
		{D30024F5-B73C-452E-8EE3-C3A6D238BF23}.Release|Any CPU.ActiveCfg = Release|Any CPU
		{D30024F5-B73C-452E-8EE3-C3A6D238BF23}.Release|Any CPU.Build.0 = Release|Any CPU
	EndGlobalSection
	GlobalSection(SolutionProperties) = preSolution
		HideSolutionNode = FALSE
	EndGlobalSection
	GlobalSection(NestedProjects) = preSolution
		{FE50F471-7DC0-44AB-8DAB-2909E3207FF9} = {AE5D6471-1B6E-4B06-A313-34EF81F35342}
		{CB1BCB34-C2A1-4E94-A90E-359FB4720B96} = {AE5D6471-1B6E-4B06-A313-34EF81F35342}
		{74C798F8-892A-40F2-8D2E-395E83853771} = {AE5D6471-1B6E-4B06-A313-34EF81F35342}
		{4F7D51FE-A1F3-4473-A8C3-D57EBDD8E60E} = {AE5D6471-1B6E-4B06-A313-34EF81F35342}
		{8F419098-3EEB-4B4B-99A8-70555FA93DAF} = {AE5D6471-1B6E-4B06-A313-34EF81F35342}
		{8B07EF04-5516-40BB-B21B-CEC6F90EC631} = {AE5D6471-1B6E-4B06-A313-34EF81F35342}
		{F625C241-0501-4AEB-8B82-609C93EE6B7D} = {5E52FEF9-9605-4ACB-8A42-A20E06331599}
		{11669839-E666-477B-A1B6-276041AD3768} = {5E52FEF9-9605-4ACB-8A42-A20E06331599}
		{A0B77015-E8C4-41D3-B63D-BF818026298C} = {5E52FEF9-9605-4ACB-8A42-A20E06331599}
		{5485F55E-DFED-4DA0-8A00-220B081FAC96} = {59197818-6C72-4A3C-A595-49F3D7D2EB18}
		{4D3D2508-CCC6-4C0B-B5E4-734DD5EC588F} = {AE5D6471-1B6E-4B06-A313-34EF81F35342}
		{6402E81A-75C2-422F-933B-AAC1ED8C4128} = {5E52FEF9-9605-4ACB-8A42-A20E06331599}
		{EE844873-71D7-4B9D-93BF-DF65B9E4770D} = {AE5D6471-1B6E-4B06-A313-34EF81F35342}
		{D30024F5-B73C-452E-8EE3-C3A6D238BF23} = {59197818-6C72-4A3C-A595-49F3D7D2EB18}
	EndGlobalSection
	GlobalSection(ExtensibilityGlobals) = postSolution
		SolutionGuid = {758B57EF-7505-4BE2-90A2-E2DE2EC32909}
	EndGlobalSection
EndGlobal
