Microsoft Visual Studio Solution File, Format Version 12.00
# Visual Studio Version 17
VisualStudioVersion = 17.8.0.0
MinimumVisualStudioVersion = 17.8.0.0
Project("{9A19103F-16F7-4668-BE54-9A1E7A4F7556}") = "FilterLists.AppHost", "FilterLists.AppHost\FilterLists.AppHost.csproj", "{275E279C-F3FB-4360-A138-536FEDE941F1}"
EndProject
Project("{9A19103F-16F7-4668-BE54-9A1E7A4F7556}") = "FilterLists.ServiceDefaults", "FilterLists.ServiceDefaults\FilterLists.ServiceDefaults.csproj", "{472BCEAB-C845-4870-AC82-437B10CA9CDE}"
EndProject
Project("{9A19103F-16F7-4668-BE54-9A1E7A4F7556}") = "FilterLists.Directory.Api", "Directory\FilterLists.Directory.Api\FilterLists.Directory.Api.csproj", "{85A14D07-5C37-458A-B74B-4EE67BBA7102}"
EndProject
Project("{2150E333-8FDC-42A3-9474-1A3956D46DE8}") = "Directory", "Directory", "{C4F6197D-9546-480E-AE92-1FC264D8E88F}"
EndProject
Project("{FAE04EC0-301F-11D3-BF4B-00C04F79EFBC}") = "FilterLists.Directory.Infrastructure.Migrations", "Directory\FilterLists.Directory.Infrastructure.Migrations\FilterLists.Directory.Infrastructure.Migrations.csproj", "{37170729-4BC9-412F-9ADF-97592A677E90}"
EndProject
Project("{FAE04EC0-301F-11D3-BF4B-00C04F79EFBC}") = "FilterLists.Directory.Infrastructure", "Directory\FilterLists.Directory.Infrastructure\FilterLists.Directory.Infrastructure.csproj", "{02B4FF36-8012-42CD-BE3E-92475C091A4C}"
EndProject
Project("{FAE04EC0-301F-11D3-BF4B-00C04F79EFBC}") = "FilterLists.Directory.Application", "Directory\FilterLists.Directory.Application\FilterLists.Directory.Application.csproj", "{0D4420C3-283B-4C0A-88B4-D39E2033B80F}"
EndProject
Global
	GlobalSection(SolutionConfigurationPlatforms) = preSolution
		Debug|Any CPU = Debug|Any CPU
		Release|Any CPU = Release|Any CPU
	EndGlobalSection
	GlobalSection(ProjectConfigurationPlatforms) = postSolution
		{275E279C-F3FB-4360-A138-536FEDE941F1}.Debug|Any CPU.ActiveCfg = Debug|Any CPU
		{275E279C-F3FB-4360-A138-536FEDE941F1}.Debug|Any CPU.Build.0 = Debug|Any CPU
		{275E279C-F3FB-4360-A138-536FEDE941F1}.Release|Any CPU.ActiveCfg = Release|Any CPU
		{275E279C-F3FB-4360-A138-536FEDE941F1}.Release|Any CPU.Build.0 = Release|Any CPU
		{472BCEAB-C845-4870-AC82-437B10CA9CDE}.Debug|Any CPU.ActiveCfg = Debug|Any CPU
		{472BCEAB-C845-4870-AC82-437B10CA9CDE}.Debug|Any CPU.Build.0 = Debug|Any CPU
		{472BCEAB-C845-4870-AC82-437B10CA9CDE}.Release|Any CPU.ActiveCfg = Release|Any CPU
		{472BCEAB-C845-4870-AC82-437B10CA9CDE}.Release|Any CPU.Build.0 = Release|Any CPU
		{85A14D07-5C37-458A-B74B-4EE67BBA7102}.Debug|Any CPU.ActiveCfg = Debug|Any CPU
		{85A14D07-5C37-458A-B74B-4EE67BBA7102}.Debug|Any CPU.Build.0 = Debug|Any CPU
		{85A14D07-5C37-458A-B74B-4EE67BBA7102}.Release|Any CPU.ActiveCfg = Release|Any CPU
		{85A14D07-5C37-458A-B74B-4EE67BBA7102}.Release|Any CPU.Build.0 = Release|Any CPU
		{37170729-4BC9-412F-9ADF-97592A677E90}.Debug|Any CPU.ActiveCfg = Debug|Any CPU
		{37170729-4BC9-412F-9ADF-97592A677E90}.Debug|Any CPU.Build.0 = Debug|Any CPU
		{37170729-4BC9-412F-9ADF-97592A677E90}.Release|Any CPU.ActiveCfg = Release|Any CPU
		{37170729-4BC9-412F-9ADF-97592A677E90}.Release|Any CPU.Build.0 = Release|Any CPU
		{02B4FF36-8012-42CD-BE3E-92475C091A4C}.Debug|Any CPU.ActiveCfg = Debug|Any CPU
		{02B4FF36-8012-42CD-BE3E-92475C091A4C}.Debug|Any CPU.Build.0 = Debug|Any CPU
		{02B4FF36-8012-42CD-BE3E-92475C091A4C}.Release|Any CPU.ActiveCfg = Release|Any CPU
		{02B4FF36-8012-42CD-BE3E-92475C091A4C}.Release|Any CPU.Build.0 = Release|Any CPU
		{0D4420C3-283B-4C0A-88B4-D39E2033B80F}.Debug|Any CPU.ActiveCfg = Debug|Any CPU
		{0D4420C3-283B-4C0A-88B4-D39E2033B80F}.Debug|Any CPU.Build.0 = Debug|Any CPU
		{0D4420C3-283B-4C0A-88B4-D39E2033B80F}.Release|Any CPU.ActiveCfg = Release|Any CPU
		{0D4420C3-283B-4C0A-88B4-D39E2033B80F}.Release|Any CPU.Build.0 = Release|Any CPU
	EndGlobalSection
	GlobalSection(SolutionProperties) = preSolution
		HideSolutionNode = FALSE
	EndGlobalSection
	GlobalSection(ExtensibilityGlobals) = postSolution
		SolutionGuid = {019F26B8-9430-4EAB-87B8-E8F52A739F4C}
	EndGlobalSection
	GlobalSection(NestedProjects) = preSolution
		{85A14D07-5C37-458A-B74B-4EE67BBA7102} = {C4F6197D-9546-480E-AE92-1FC264D8E88F}
		{37170729-4BC9-412F-9ADF-97592A677E90} = {C4F6197D-9546-480E-AE92-1FC264D8E88F}
		{02B4FF36-8012-42CD-BE3E-92475C091A4C} = {C4F6197D-9546-480E-AE92-1FC264D8E88F}
		{0D4420C3-283B-4C0A-88B4-D39E2033B80F} = {C4F6197D-9546-480E-AE92-1FC264D8E88F}
	EndGlobalSection
EndGlobal
